
Microsoft Visual Studio Solution File, Format Version 12.00
# Visual Studio Version 17
VisualStudioVersion = 17.14.37301.10 d17.14
MinimumVisualStudioVersion = 10.0.40219.1
Project("{FAE04EC0-301F-11D3-BF4B-00C04F79EFBC}") = "MPSPDotNetTraining.MiniPosSystem", "MPSPDotNetTraining.MiniPosSystem\MPSPDotNetTraining.MiniPosSystem.csproj", "{80475D8E-EE55-4634-AA16-6741C248267E}"
EndProject
Global
	GlobalSection(SolutionConfigurationPlatforms) = preSolution
		Debug|Any CPU = Debug|Any CPU
		Release|Any CPU = Release|Any CPU
	EndGlobalSection
	GlobalSection(ProjectConfigurationPlatforms) = postSolution
		{80475D8E-EE55-4634-AA16-6741C248267E}.Debug|Any CPU.ActiveCfg = Debug|Any CPU
		{80475D8E-EE55-4634-AA16-6741C248267E}.Debug|Any CPU.Build.0 = Debug|Any CPU
		{80475D8E-EE55-4634-AA16-6741C248267E}.Release|Any CPU.ActiveCfg = Release|Any CPU
		{80475D8E-EE55-4634-AA16-6741C248267E}.Release|Any CPU.Build.0 = Release|Any CPU
	EndGlobalSection
	GlobalSection(SolutionProperties) = preSolution
		HideSolutionNode = FALSE
	EndGlobalSection
	GlobalSection(ExtensibilityGlobals) = postSolution
		SolutionGuid = {85C56D24-AC24-46DF-AFE7-F3BA0335CBD8}
	EndGlobalSection
EndGlobal
